{
  "name": "uproxy",
  "version": "1.0.0",
  "lockfileVersion": 1,
  "requires": true,
  "dependencies": {
    "dotenv": {
      "version": "6.2.0",
      "resolved": "https://registry.npmjs.org/dotenv/-/dotenv-6.2.0.tgz",
      "integrity": "sha512-HygQCKUBSFl8wKQZBSemMywRWcEDNidvNbjGVyZu3nbZ8qq9ubiPoGLMdRDpfSrpkkm9BXYFkpKxxFX38o/76w=="
    },
    "uWebSockets.js": {
      "version": "github:uNetworking/uWebSockets.js#23b29ec03b057ee079de99460c212b2620cfe8fe",
      "from": "github:uNetworking/uWebSockets.js#v15.4.0"
    }
  }
}
